{
  "nodes": {
    "agenix": {
      "inputs": {
        "darwin": "darwin",
        "home-manager": [
          "home-manager"
        ],
        "nixpkgs": [
          "nixpkgs"
        ],
        "systems": [
          "systems"
        ]
      },
      "locked": {
        "lastModified": 1770165109,
        "narHash": "sha256-9VnK6Oqai65puVJ4WYtCTvlJeXxMzAp/69HhQuTdl/I=",
        "ref": "refs/heads/main",
        "rev": "b027ee29d959fda4b60b57566d64c98a202e0feb",
        "shallow": true,
        "type": "git",
        "url": "https://forge.onyx.ovh/github_mirror/agenix"
      },
      "original": {
        "shallow": true,
        "type": "git",
        "url": "https://forge.onyx.ovh/github_mirror/agenix"
      }
    },
    "alesis_midi_converter": {
      "inputs": {
        "nixpkgs": [
          "nixpkgs"
        ]
      },
      "locked": {
        "lastModified": 1761387123,
        "narHash": "sha256-z01jPq+J6pjgAT2PiYG7ykZG2IFbOlN2KxdBe2pIZ7M=",
        "ref": "refs/heads/master",
        "rev": "e634c8a738d47ba4de5ade74232a5f27a977e486",
        "shallow": true,
        "type": "git",
        "url": "https://forge.onyx.ovh/eymeric/alesis_midi_converter.git"
      },
      "original": {
        "shallow": true,
        "type": "git",
        "url": "https://forge.onyx.ovh/eymeric/alesis_midi_converter.git"
      }
    },
    "apolline": {
      "inputs": {
        "flake-parts": [
          "flake-parts"
        ],
        "nixpkgs": [
          "nixpkgs"
        ]
      },
      "locked": {
        "lastModified": 1734189110,
        "narHash": "sha256-OqhvHxN9LVJ8I8e7CRJ3fA462mryWZng8cVenllDT/8=",
        "ref": "refs/heads/main",
        "rev": "ca0541492b2dc94d2df7979d8de467ec6dbb3094",
        "revCount": 48,
        "type": "git",
        "url": "ssh://forgejo@forge.onyx.ovh:443/eymeric/apolline.git"
      },
      "original": {
        "type": "git",
        "url": "ssh://forgejo@forge.onyx.ovh:443/eymeric/apolline.git"
      }
    },
    "comin": {
      "inputs": {
        "flake-compat": "flake-compat",
        "nixpkgs": [
          "nixpkgs"
        ]
      },
      "locked": {
        "lastModified": 1770328441,
        "narHash": "sha256-v3rNKKUg+pWInBlJVYBMxLbImpdwLlKnjJ8rPp6IR8I=",
        "ref": "refs/heads/main",
        "rev": "a651f36e6a211be6d3f51ffffe9cb2bd9a4a3cef",
        "shallow": true,
        "type": "git",
        "url": "https://forge.onyx.ovh/github_mirror/comin"
      },
      "original": {
        "shallow": true,
        "type": "git",
        "url": "https://forge.onyx.ovh/github_mirror/comin"
      }
    },
    "crane": {
      "locked": {
        "lastModified": 1770419512,
        "narHash": "sha256-o8Vcdz6B6bkiGUYkZqFwH3Pv1JwZyXht3dMtS7RchIo=",
        "owner": "ipetkov",
        "repo": "crane",
        "rev": "2510f2cbc3ccd237f700bb213756a8f35c32d8d7",
        "type": "github"
      },
      "original": {
        "owner": "ipetkov",
        "repo": "crane",
        "type": "github"
      }
    },
    "darwin": {
      "inputs": {
        "nixpkgs": [
          "agenix",
          "nixpkgs"
        ]
      },
      "locked": {
        "lastModified": 1744478979,
        "narHash": "sha256-dyN+teG9G82G+m+PX/aSAagkC+vUv0SgUw3XkPhQodQ=",
        "owner": "lnl7",
        "repo": "nix-darwin",
        "rev": "43975d782b418ebf4969e9ccba82466728c2851b",
        "type": "github"
      },
      "original": {
        "owner": "lnl7",
        "ref": "master",
        "repo": "nix-darwin",
        "type": "github"
      }
    },
    "disko": {
      "inputs": {
        "nixpkgs": [
          "nixpkgs"
        ]
      },
      "locked": {
        "lastModified": 1769524058,
        "narHash": "sha256-zygdD6X1PcVNR2PsyK4ptzrVEiAdbMqLos7utrMDEWE=",
        "ref": "refs/heads/master",
        "rev": "71a3fc97d80881e91710fe721f1158d3b96ae14d",
        "shallow": true,
        "type": "git",
        "url": "https://forge.onyx.ovh/github_mirror/disko"
      },
      "original": {
        "shallow": true,
        "type": "git",
        "url": "https://forge.onyx.ovh/github_mirror/disko"
      }
    },
    "flake-compat": {
      "flake": false,
      "locked": {
        "lastModified": 1765121682,
        "narHash": "sha256-4VBOP18BFeiPkyhy9o4ssBNQEvfvv1kXkasAYd0+rrA=",
        "owner": "NixOS",
        "repo": "flake-compat",
        "rev": "65f23138d8d09a92e30f1e5c87611b23ef451bf3",
        "type": "github"
      },
      "original": {
        "owner": "NixOS",
        "repo": "flake-compat",
        "type": "github"
      }
    },
    "flake-compat_2": {
      "locked": {
        "lastModified": 1767039857,
        "narHash": "sha256-vNpUSpF5Nuw8xvDLj2KCwwksIbjua2LZCqhV1LNRDns=",
        "ref": "refs/heads/master",
        "rev": "5edf11c44bc78a0d334f6334cdaf7d60d732daab",
        "shallow": true,
        "type": "git",
        "url": "https://forge.onyx.ovh/github_mirror/flake-compat"
      },
      "original": {
        "shallow": true,
        "type": "git",
        "url": "https://forge.onyx.ovh/github_mirror/flake-compat"
      }
    },
    "flake-compat_3": {
      "flake": false,
      "locked": {
        "lastModified": 1767039857,
        "narHash": "sha256-vNpUSpF5Nuw8xvDLj2KCwwksIbjua2LZCqhV1LNRDns=",
        "owner": "NixOS",
        "repo": "flake-compat",
        "rev": "5edf11c44bc78a0d334f6334cdaf7d60d732daab",
        "type": "github"
      },
      "original": {
        "owner": "NixOS",
        "repo": "flake-compat",
        "type": "github"
      }
    },
    "flake-parts": {
      "inputs": {
        "nixpkgs-lib": [
          "nixpkgs"
        ]
      },
      "locked": {
        "lastModified": 1769996383,
        "narHash": "sha256-AnYjnFWgS49RlqX7LrC4uA+sCCDBj0Ry/WOJ5XWAsa0=",
        "ref": "refs/heads/main",
        "rev": "57928607ea566b5db3ad13af0e57e921e6b12381",
        "shallow": true,
        "type": "git",
        "url": "https://forge.onyx.ovh/github_mirror/flake-parts"
      },
      "original": {
        "shallow": true,
        "type": "git",
        "url": "https://forge.onyx.ovh/github_mirror/flake-parts"
      }
    },
    "flake-utils": {
      "inputs": {
        "systems": [
          "systems"
        ]
      },
      "locked": {
        "lastModified": 1731533236,
        "narHash": "sha256-l0KFg5HjrsfsO/JpG+r7fRrqm12kzFHyUHqHCVpMMbI=",
        "ref": "refs/heads/main",
        "rev": "11707dc2f618dd54ca8739b309ec4fc024de578b",
        "shallow": true,
        "type": "git",
        "url": "https://forge.onyx.ovh/github_mirror/flake-utils"
      },
      "original": {
        "shallow": true,
        "type": "git",
        "url": "https://forge.onyx.ovh/github_mirror/flake-utils"
      }
    },
    "gitignore": {
      "inputs": {
        "nixpkgs": [
          "lanzaboote",
          "pre-commit",
          "nixpkgs"
        ]
      },
      "locked": {
        "lastModified": 1709087332,
        "narHash": "sha256-HG2cCnktfHsKV0s4XW83gU3F57gaTljL9KNSuG6bnQs=",
        "owner": "hercules-ci",
        "repo": "gitignore.nix",
        "rev": "637db329424fd7e46cf4185293b9cc8c88c95394",
        "type": "github"
      },
      "original": {
        "owner": "hercules-ci",
        "repo": "gitignore.nix",
        "type": "github"
      }
    },
    "home-manager": {
      "inputs": {
        "nixpkgs": [
          "nixpkgs"
        ]
      },
      "locked": {
        "lastModified": 1770654520,
        "narHash": "sha256-mg5WZMIPGsFu9MxSrUcuJUPMbfMsF77el5yb/7rc10k=",
        "ref": "refs/heads/master",
        "rev": "6c4fdbe1ad198fac36c320fd45c5957324a80b8e",
        "shallow": true,
        "type": "git",
        "url": "https://forge.onyx.ovh/github_mirror/home-manager"
      },
      "original": {
        "shallow": true,
        "type": "git",
        "url": "https://forge.onyx.ovh/github_mirror/home-manager"
      }
    },
    "home-manager_2": {
      "inputs": {
        "nixpkgs": [
          "impermanence",
          "nixpkgs"
        ]
      },
      "locked": {
        "lastModified": 1768598210,
        "narHash": "sha256-kkgA32s/f4jaa4UG+2f8C225Qvclxnqs76mf8zvTVPg=",
        "owner": "nix-community",
        "repo": "home-manager",
        "rev": "c47b2cc64a629f8e075de52e4742de688f930dc6",
        "type": "github"
      },
      "original": {
        "owner": "nix-community",
        "repo": "home-manager",
        "type": "github"
      }
    },
    "impermanence": {
      "inputs": {
        "home-manager": "home-manager_2",
        "nixpkgs": "nixpkgs"
      },
      "locked": {
        "lastModified": 1769548169,
        "narHash": "sha256-03+JxvzmfwRu+5JafM0DLbxgHttOQZkUtDWBmeUkN8Y=",
        "ref": "refs/heads/master",
        "rev": "7b1d382faf603b6d264f58627330f9faa5cba149",
        "shallow": true,
        "type": "git",
        "url": "https://forge.onyx.ovh/github_mirror/impermanence"
      },
      "original": {
        "shallow": true,
        "type": "git",
        "url": "https://forge.onyx.ovh/github_mirror/impermanence"
      }
    },
    "lanzaboote": {
      "inputs": {
        "crane": "crane",
        "nixpkgs": [
          "nixpkgs"
        ],
        "pre-commit": "pre-commit",
        "rust-overlay": "rust-overlay"
      },
      "locked": {
        "lastModified": 1770734117,
        "narHash": "sha256-PNXSnK507MRj+hYMgnUR7InNJzVCmOfsjHV4YXZgpwQ=",
        "ref": "refs/heads/master",
        "rev": "2038a9a19adb886eccba775321b055fdbdc5029d",
        "shallow": true,
        "type": "git",
        "url": "https://forge.onyx.ovh/github_mirror/lanzaboote"
      },
      "original": {
        "shallow": true,
        "type": "git",
        "url": "https://forge.onyx.ovh/github_mirror/lanzaboote"
      }
    },
    "nix-index-database": {
      "inputs": {
        "nixpkgs": [
          "nixpkgs"
        ]
      },
      "locked": {
        "lastModified": 1770315571,
        "narHash": "sha256-hy0gcAgAcxrnSWKGuNO+Ob0x6jQ2xkR6hoaR0qJBHYs=",
        "ref": "refs/heads/main",
        "rev": "2684bb8080a6f2ca5f9d494de5ef875bc1c4ecdb",
        "shallow": true,
        "type": "git",
        "url": "https://forge.onyx.ovh/github_mirror/nix-index-database"
      },
      "original": {
        "shallow": true,
        "type": "git",
        "url": "https://forge.onyx.ovh/github_mirror/nix-index-database"
      }
    },
    "nix4nvchad": {
      "inputs": {
        "flake-utils": [
          "flake-utils"
        ],
        "nixpkgs": [
          "nixpkgs"
        ],
        "nvchad-starter": "nvchad-starter"
      },
      "locked": {
        "lastModified": 1770617751,
        "narHash": "sha256-ADu2Tp0YZKIN5MB9Kf0KCyEEqOHJUQPuqn8/DGBMi6g=",
        "ref": "refs/heads/main",
        "rev": "610755fbb714e74f6e0f65391de8a6cf28b858fe",
        "shallow": true,
        "type": "git",
        "url": "https://forge.onyx.ovh/github_mirror/nix4nvchad"
      },
      "original": {
        "shallow": true,
        "type": "git",
        "url": "https://forge.onyx.ovh/github_mirror/nix4nvchad"
      }
    },
    "nixos-hardware": {
      "locked": {
        "lastModified": 1770631810,
        "narHash": "sha256-b7iK/x+zOXbjhRqa+XBlYla4zFvPZyU5Ln2HJkiSnzc=",
        "ref": "refs/heads/master",
        "rev": "2889685785848de940375bf7fea5e7c5a3c8d502",
        "shallow": true,
        "type": "git",
        "url": "https://forge.onyx.ovh/github_mirror/nixos-hardware"
      },
      "original": {
        "shallow": true,
        "type": "git",
        "url": "https://forge.onyx.ovh/github_mirror/nixos-hardware"
      }
    },
    "nixos-wsl": {
      "inputs": {
        "flake-compat": [
          "flake-compat"
        ],
        "nixpkgs": [
          "nixpkgs"
        ]
      },
      "locked": {
        "lastModified": 1770657009,
        "narHash": "sha256-v/LA5ZSJ+JQYzMSKB4sySM0wKfsAqddNzzxLLnbsV/E=",
        "ref": "refs/heads/main",
        "rev": "5b50ea1aaa14945d4794c80fcc99c4aa1db84d2d",
        "shallow": true,
        "type": "git",
        "url": "https://forge.onyx.ovh/github_mirror/NixOS-WSL"
      },
      "original": {
        "shallow": true,
        "type": "git",
        "url": "https://forge.onyx.ovh/github_mirror/NixOS-WSL"
      }
    },
    "nixpkgs": {
      "locked": {
        "lastModified": 1768564909,
        "narHash": "sha256-Kell/SpJYVkHWMvnhqJz/8DqQg2b6PguxVWOuadbHCc=",
        "owner": "nixos",
        "repo": "nixpkgs",
        "rev": "e4bae1bd10c9c57b2cf517953ab70060a828ee6f",
        "type": "github"
      },
      "original": {
        "owner": "nixos",
        "ref": "nixos-unstable",
        "repo": "nixpkgs",
        "type": "github"
      }
    },
    "nixpkgs-patcher": {
      "locked": {
        "lastModified": 1769207991,
        "narHash": "sha256-SwGLSB3H/Lq2gPa2/yCtmcUn8E/fVuPtZ5qnjrDj62s=",
        "ref": "refs/heads/main",
        "rev": "2e59a7b94478f67e3ac2b221f737fe75c2175edc",
        "shallow": true,
        "type": "git",
        "url": "https://forge.onyx.ovh/github_mirror/nixpkgs-patcher"
      },
      "original": {
        "shallow": true,
        "type": "git",
        "url": "https://forge.onyx.ovh/github_mirror/nixpkgs-patcher"
      }
    },
    "nixpkgs-stable": {
      "locked": {
        "lastModified": 1770617025,
        "narHash": "sha256-1jZvgZoAagZZB6NwGRv2T2ezPy+X6EFDsJm+YSlsvEs=",
        "ref": "nixos-25.11",
        "rev": "2db38e08fdadcc0ce3232f7279bab59a15b94482",
        "shallow": true,
        "type": "git",
        "url": "https://forge.onyx.ovh/github_mirror/nixpkgs"
      },
      "original": {
        "ref": "nixos-25.11",
        "shallow": true,
        "type": "git",
        "url": "https://forge.onyx.ovh/github_mirror/nixpkgs"
      }
    },
    "nixpkgs-unstable": {
      "locked": {
        "lastModified": 1770776086,
        "narHash": "sha256-PVHvJs9rL8ovfXt5p0ZKcXEVDWSmBsb4sMPDMWzA7eM=",
        "ref": "master",
        "rev": "ac06dc8017caea33ce2f3fff94c7b857f0d84b2e",
        "shallow": true,
        "type": "git",
        "url": "https://forge.onyx.ovh/github_mirror/nixpkgs"
      },
      "original": {
        "ref": "master",
        "shallow": true,
        "type": "git",
        "url": "https://forge.onyx.ovh/github_mirror/nixpkgs"
      }
    },
    "nixpkgs_2": {
      "locked": {
        "lastModified": 1770562336,
        "narHash": "sha256-ub1gpAONMFsT/GU2hV6ZWJjur8rJ6kKxdm9IlCT0j84=",
        "ref": "nixos-unstable",
        "rev": "d6c71932130818840fc8fe9509cf50be8c64634f",
        "shallow": true,
        "type": "git",
        "url": "https://forge.onyx.ovh/github_mirror/nixpkgs"
      },
      "original": {
        "ref": "nixos-unstable",
        "shallow": true,
        "type": "git",
        "url": "https://forge.onyx.ovh/github_mirror/nixpkgs"
      }
    },
    "nvchad-starter": {
      "flake": false,
      "locked": {
        "lastModified": 1753939018,
        "narHash": "sha256-xdLr6tlU9uA+wu0pqha2br0fdVm+1MjgjbB5awz9ICU=",
        "owner": "NvChad",
        "repo": "starter",
        "rev": "e3572e1f5e1c297212c3deeb17b7863139ce663e",
        "type": "github"
      },
      "original": {
        "owner": "NvChad",
        "ref": "main",
        "repo": "starter",
        "type": "github"
      }
    },
    "pikvm": {
      "inputs": {
        "flake-parts": [
          "flake-parts"
        ],
        "nixos-hardware": [
          "nixos-hardware"
        ],
        "nixpkgs": [
          "nixpkgs"
        ]
      },
      "locked": {
        "lastModified": 1770204393,
        "narHash": "sha256-r/oV+27usDvBNHo115TbzZowgfS6j652pRmWYISWylk=",
        "ref": "refs/heads/main",
        "rev": "73471e750bd0dcdda75dae1f77db9cb14199aa63",
        "shallow": true,
        "type": "git",
        "url": "https://forge.onyx.ovh/eymeric/nixos-pikvm.git"
      },
      "original": {
        "shallow": true,
        "type": "git",
        "url": "https://forge.onyx.ovh/eymeric/nixos-pikvm.git"
      }
    },
    "plasma-manager": {
      "inputs": {
        "home-manager": [
          "home-manager"
        ],
        "nixpkgs": [
          "nixpkgs"
        ]
      },
      "locked": {
        "lastModified": 1770766818,
        "narHash": "sha256-12RCFLyAedyMOdenUi7cN3ioJPEGjA/ZG1BLjugfUVs=",
        "ref": "refs/heads/trunk",
        "rev": "44b928068359b7d2310a34de39555c63c93a2c90",
        "shallow": true,
        "type": "git",
        "url": "https://forge.onyx.ovh/github_mirror/plasma-manager"
      },
      "original": {
        "shallow": true,
        "type": "git",
        "url": "https://forge.onyx.ovh/github_mirror/plasma-manager"
      }
    },
    "portfolio": {
      "inputs": {
        "flake-parts": [
          "flake-parts"
        ],
        "nixpkgs": [
          "nixpkgs"
        ]
      },
      "locked": {
        "lastModified": 1767041346,
        "narHash": "sha256-sU/1OUmSpUlGGwzXbDAdJPClH6d8jDZKb8yb3KGpzyA=",
        "ref": "refs/heads/master",
        "rev": "c42119cbdd198eeda8c1c7fef10452458ecdc03b",
        "shallow": true,
        "type": "git",
        "url": "ssh://forgejo@forge.onyx.ovh:443/github_mirror/portfolio"
      },
      "original": {
        "shallow": true,
        "type": "git",
        "url": "ssh://forgejo@forge.onyx.ovh:443/github_mirror/portfolio"
      }
    },
    "pre-commit": {
      "inputs": {
        "flake-compat": "flake-compat_3",
        "gitignore": "gitignore",
        "nixpkgs": [
          "lanzaboote",
          "nixpkgs"
        ]
      },
      "locked": {
        "lastModified": 1769939035,
        "narHash": "sha256-Fok2AmefgVA0+eprw2NDwqKkPGEI5wvR+twiZagBvrg=",
        "owner": "cachix",
        "repo": "pre-commit-hooks.nix",
        "rev": "a8ca480175326551d6c4121498316261cbb5b260",
        "type": "github"
      },
      "original": {
        "owner": "cachix",
        "repo": "pre-commit-hooks.nix",
        "type": "github"
      }
    },
    "root": {
      "inputs": {
        "agenix": "agenix",
        "alesis_midi_converter": "alesis_midi_converter",
        "apolline": "apolline",
        "comin": "comin",
        "disko": "disko",
        "flake-compat": "flake-compat_2",
        "flake-parts": "flake-parts",
        "flake-utils": "flake-utils",
        "home-manager": "home-manager",
        "impermanence": "impermanence",
        "lanzaboote": "lanzaboote",
        "nix-index-database": "nix-index-database",
        "nix4nvchad": "nix4nvchad",
        "nixos-hardware": "nixos-hardware",
        "nixos-wsl": "nixos-wsl",
        "nixpkgs": "nixpkgs_2",
        "nixpkgs-patcher": "nixpkgs-patcher",
        "nixpkgs-stable": "nixpkgs-stable",
        "nixpkgs-unstable": "nixpkgs-unstable",
        "pikvm": "pikvm",
        "plasma-manager": "plasma-manager",
        "portfolio": "portfolio",
        "systems": "systems"
      }
    },
    "rust-overlay": {
      "inputs": {
        "nixpkgs": [
          "lanzaboote",
          "nixpkgs"
        ]
      },
      "locked": {
        "lastModified": 1770520253,
        "narHash": "sha256-6rWuHgSENXKnC6HGGAdRolQrnp/8IzscDn7FQEo1uEQ=",
        "owner": "oxalica",
        "repo": "rust-overlay",
        "rev": "ebb8a141f60bb0ec33836333e0ca7928a072217f",
        "type": "github"
      },
      "original": {
        "owner": "oxalica",
        "repo": "rust-overlay",
        "type": "github"
      }
    },
    "systems": {
      "locked": {
        "lastModified": 1681028828,
        "narHash": "sha256-Vy1rq5AaRuLzOxct8nz4T6wlgyUR7zLU309k9mBC768=",
        "ref": "refs/heads/main",
        "rev": "da67096a3b9bf56a91d16901293e51ba5b49a27e",
        "shallow": true,
        "type": "git",
        "url": "https://forge.onyx.ovh/github_mirror/nix-systems"
      },
      "original": {
        "shallow": true,
        "type": "git",
        "url": "https://forge.onyx.ovh/github_mirror/nix-systems"
      }
    }
  },
  "root": "root",
  "version": 7
}
